
Microsoft Visual Studio Solution File, Format Version 12.00
# Visual Studio Version 17
VisualStudioVersion = 17.0.31903.59
MinimumVisualStudioVersion = 10.0.40219.1
Project("{FAE04EC0-301F-11D3-BF4B-00C04F79EFBC}") = "A1.RezerwyUrlopowe", "A1.RezerwyUrlopowe\A1.RezerwyUrlopowe.csproj", "{9953CD4F-6EC0-4DE6-A8B6-0915039E4029}"
EndProject
Project("{FAE04EC0-301F-11D3-BF4B-00C04F79EFBC}") = "A1.RezerwyUrlopowe.UI", "A1.RezerwyUrlopowe.UI\A1.RezerwyUrlopowe.UI.csproj", "{ECAD7BE8-6DF5-4378-BCF3-7C6792B08037}"
EndProject
Global
	GlobalSection(SolutionConfigurationPlatforms) = preSolution
		Debug|Any CPU = Debug|Any CPU
		Release|Any CPU = Release|Any CPU
	EndGlobalSection
	GlobalSection(SolutionProperties) = preSolution
		HideSolutionNode = FALSE
	EndGlobalSection
	GlobalSection(ProjectConfigurationPlatforms) = postSolution
		{9953CD4F-6EC0-4DE6-A8B6-0915039E4029}.Debug|Any CPU.ActiveCfg = Debug|Any CPU
		{9953CD4F-6EC0-4DE6-A8B6-0915039E4029}.Debug|Any CPU.Build.0 = Debug|Any CPU
		{9953CD4F-6EC0-4DE6-A8B6-0915039E4029}.Release|Any CPU.ActiveCfg = Release|Any CPU
		{9953CD4F-6EC0-4DE6-A8B6-0915039E4029}.Release|Any CPU.Build.0 = Release|Any CPU
		{ECAD7BE8-6DF5-4378-BCF3-7C6792B08037}.Debug|Any CPU.ActiveCfg = Debug|Any CPU
		{ECAD7BE8-6DF5-4378-BCF3-7C6792B08037}.Debug|Any CPU.Build.0 = Debug|Any CPU
		{ECAD7BE8-6DF5-4378-BCF3-7C6792B08037}.Release|Any CPU.ActiveCfg = Release|Any CPU
		{ECAD7BE8-6DF5-4378-BCF3-7C6792B08037}.Release|Any CPU.Build.0 = Release|Any CPU
	EndGlobalSection
EndGlobal
